
Microsoft Visual Studio Solution File, Format Version 12.00
# Visual Studio Version 17
VisualStudioVersion = 17.3.32922.545
MinimumVisualStudioVersion = 10.0.40219.1
Project("{9A19103F-16F7-4668-BE54-9A1E7A4F7556}") = "ChatClient", "ChatApp\ChatClient.csproj", "{7EAB2B18-330A-450C-BC4A-AA87AC9EF641}"
EndProject
Project("{9A19103F-16F7-4668-BE54-9A1E7A4F7556}") = "ChatServer", "ChatServer\ChatServer.csproj", "{26342031-734C-4693-A8B8-C5FCBF47E8F1}"
EndProject
Project("{9A19103F-16F7-4668-BE54-9A1E7A4F7556}") = "ModernChatAppUI", "ModernChatAppUI\ModernChatAppUI.csproj", "{AD592A96-5D02-455D-B187-66BBD66B4597}"
EndProject
Project("{9A19103F-16F7-4668-BE54-9A1E7A4F7556}") = "DTOs", "DTOs\DTOs.csproj", "{0D694968-DA0A-4E09-A5AF-0B7AFE85B6F9}"
EndProject
Project("{9A19103F-16F7-4668-BE54-9A1E7A4F7556}") = "Common", "Common\Common.csproj", "{804E34DE-5F76-42CD-9F84-48D0B9743AF2}"
EndProject
Project("{FAE04EC0-301F-11D3-BF4B-00C04F79EFBC}") = "Network", "Network\Network.csproj", "{E7A113DC-9909-4FAC-9C4A-871DB845153A}"
EndProject
Global
	GlobalSection(SolutionConfigurationPlatforms) = preSolution
		Debug|Any CPU = Debug|Any CPU
		Release|Any CPU = Release|Any CPU
	EndGlobalSection
	GlobalSection(ProjectConfigurationPlatforms) = postSolution
		{7EAB2B18-330A-450C-BC4A-AA87AC9EF641}.Debug|Any CPU.ActiveCfg = Debug|Any CPU
		{7EAB2B18-330A-450C-BC4A-AA87AC9EF641}.Debug|Any CPU.Build.0 = Debug|Any CPU
		{7EAB2B18-330A-450C-BC4A-AA87AC9EF641}.Release|Any CPU.ActiveCfg = Release|Any CPU
		{7EAB2B18-330A-450C-BC4A-AA87AC9EF641}.Release|Any CPU.Build.0 = Release|Any CPU
		{26342031-734C-4693-A8B8-C5FCBF47E8F1}.Debug|Any CPU.ActiveCfg = Debug|Any CPU
		{26342031-734C-4693-A8B8-C5FCBF47E8F1}.Debug|Any CPU.Build.0 = Debug|Any CPU
		{26342031-734C-4693-A8B8-C5FCBF47E8F1}.Release|Any CPU.ActiveCfg = Release|Any CPU
		{26342031-734C-4693-A8B8-C5FCBF47E8F1}.Release|Any CPU.Build.0 = Release|Any CPU
		{AD592A96-5D02-455D-B187-66BBD66B4597}.Debug|Any CPU.ActiveCfg = Debug|Any CPU
		{AD592A96-5D02-455D-B187-66BBD66B4597}.Debug|Any CPU.Build.0 = Debug|Any CPU
		{AD592A96-5D02-455D-B187-66BBD66B4597}.Release|Any CPU.ActiveCfg = Release|Any CPU
		{AD592A96-5D02-455D-B187-66BBD66B4597}.Release|Any CPU.Build.0 = Release|Any CPU
		{0D694968-DA0A-4E09-A5AF-0B7AFE85B6F9}.Debug|Any CPU.ActiveCfg = Debug|Any CPU
		{0D694968-DA0A-4E09-A5AF-0B7AFE85B6F9}.Debug|Any CPU.Build.0 = Debug|Any CPU
		{0D694968-DA0A-4E09-A5AF-0B7AFE85B6F9}.Release|Any CPU.ActiveCfg = Release|Any CPU
		{0D694968-DA0A-4E09-A5AF-0B7AFE85B6F9}.Release|Any CPU.Build.0 = Release|Any CPU
		{804E34DE-5F76-42CD-9F84-48D0B9743AF2}.Debug|Any CPU.ActiveCfg = Debug|Any CPU
		{804E34DE-5F76-42CD-9F84-48D0B9743AF2}.Debug|Any CPU.Build.0 = Debug|Any CPU
		{804E34DE-5F76-42CD-9F84-48D0B9743AF2}.Release|Any CPU.ActiveCfg = Release|Any CPU
		{804E34DE-5F76-42CD-9F84-48D0B9743AF2}.Release|Any CPU.Build.0 = Release|Any CPU
		{E7A113DC-9909-4FAC-9C4A-871DB845153A}.Debug|Any CPU.ActiveCfg = Debug|Any CPU
		{E7A113DC-9909-4FAC-9C4A-871DB845153A}.Debug|Any CPU.Build.0 = Debug|Any CPU
		{E7A113DC-9909-4FAC-9C4A-871DB845153A}.Release|Any CPU.ActiveCfg = Release|Any CPU
		{E7A113DC-9909-4FAC-9C4A-871DB845153A}.Release|Any CPU.Build.0 = Release|Any CPU
	EndGlobalSection
	GlobalSection(SolutionProperties) = preSolution
		HideSolutionNode = FALSE
	EndGlobalSection
	GlobalSection(ExtensibilityGlobals) = postSolution
		SolutionGuid = {B11DABA0-6E46-4042-9339-E2E4311F460A}
	EndGlobalSection
EndGlobal
